PODS:
  - Alamofire (4.7.2)
  - ARCL (1.0.2)
  - ChameleonFramework/Default (2.1.0)
  - ChameleonFramework/Swift (2.1.0):
    - ChameleonFramework/Default
  - DateToolsSwift (4.0.0)
  - Moya/Core (11.0.2):
    - Alamofire (~> 4.1)
    - Result (~> 3.0)
  - Moya/RxSwift (11.0.2):
    - Moya/Core
    - RxSwift (~> 4.0)
  - PKHUD (5.0.0)
  - Result (3.2.4)
  - RxCocoa (4.1.2):
    - RxSwift (~> 4.0)
  - RxSwift (4.1.2)
  - SwifterSwift (4.3.0):
    - SwifterSwift/AppKit (= 4.3.0)
    - SwifterSwift/CoreGraphics (= 4.3.0)
    - SwifterSwift/CoreLocation (= 4.3.0)
    - SwifterSwift/Foundation (= 4.3.0)
    - SwifterSwift/MapKit (= 4.3.0)
    - SwifterSwift/SwiftStdlib (= 4.3.0)
    - SwifterSwift/UIKit (= 4.3.0)
  - SwifterSwift/AppKit (4.3.0)
  - SwifterSwift/CoreGraphics (4.3.0)
  - SwifterSwift/CoreLocation (4.3.0)
  - SwifterSwift/Foundation (4.3.0)
  - SwifterSwift/MapKit (4.3.0)
  - SwifterSwift/SwiftStdlib (4.3.0)
  - SwifterSwift/UIKit (4.3.0)

DEPENDENCIES:
  - Alamofire (~> 4.0)
  - ARCL (~> 1.0)
  - ChameleonFramework/Swift (from `https://github.com/ViccAlexander/Chameleon.git`)
  - DateToolsSwift (~> 4.0)
  - Moya/RxSwift (~> 11.0)
  - PKHUD (~> 5.0)
  - RxCocoa (~> 4.0)
  - RxSwift (~> 4.0)
  - SwifterSwift (~> 4.0)

SPEC REPOS:
  https://github.com/CocoaPods/Specs.git:
    - Alamofire
    - ARCL
    - DateToolsSwift
    - Moya
    - PKHUD
    - Result
    - RxCocoa
    - RxSwift
    - SwifterSwift

EXTERNAL SOURCES:
  ChameleonFramework:
    :git: https://github.com/ViccAlexander/Chameleon.git

CHECKOUT OPTIONS:
  ChameleonFramework:
    :commit: 6dd284bde21ea2e7f9fd89bc36f40df16e16369d
    :git: https://github.com/ViccAlexander/Chameleon.git

SPEC CHECKSUMS:
  Alamofire: e4fa87002c137ba2d8d634d2c51fabcda0d5c223
  ARCL: 88300cadfbdd6a9288ca17ad18d3ac972d6cb1e6
  ChameleonFramework: d21a3cc247abfe5e37609a283a8238b03575cf64
  DateToolsSwift: 875d97ff9e3a5d54abdd67a269b3f51c757b71ab
  Moya: a725035953bc1c0eb1be505ab903984501d82440
  PKHUD: 3c001512c6e002091184197a8de7a20420786e3b
  Result: d2d07204ce72856f1fd9130bbe42c35a7b0fea10
  RxCocoa: d88ba0f1f6abf040011a9eb4b539324fc426843a
  RxSwift: e49536837d9901277638493ea537394d4b55f570
  SwifterSwift: f3fce2b9fc5b9d8fda6eec33825e5243c60aebba

PODFILE CHECKSUM: 9a92b160e1987bfbff4c66ba6c081b52ee18ecdf

COCOAPODS: 1.5.0
