PODS:
  - Alamofire (4.7.2)
  - ARCL (1.0.2)
  - ChameleonFramework/Default (2.1.0)
  - ChameleonFramework/Swift (2.1.0):
    - ChameleonFramework/Default
  - DateToolsSwift (4.0.0)
  - RxCocoa (4.1.2):
    - RxSwift (~> 4.0)
  - RxSwift (4.1.2)
  - SwifterSwift (4.3.0):
    - SwifterSwift/AppKit (= 4.3.0)
    - SwifterSwift/CoreGraphics (= 4.3.0)
    - SwifterSwift/CoreLocation (= 4.3.0)
    - SwifterSwift/Foundation (= 4.3.0)
    - SwifterSwift/MapKit (= 4.3.0)
    - SwifterSwift/SwiftStdlib (= 4.3.0)
    - SwifterSwift/UIKit (= 4.3.0)
  - SwifterSwift/AppKit (4.3.0)
  - SwifterSwift/CoreGraphics (4.3.0)
  - SwifterSwift/CoreLocation (4.3.0)
  - SwifterSwift/Foundation (4.3.0)
  - SwifterSwift/MapKit (4.3.0)
  - SwifterSwift/SwiftStdlib (4.3.0)
  - SwifterSwift/UIKit (4.3.0)
  - SwiftyJSON (4.1.0)

DEPENDENCIES:
  - Alamofire (~> 4.0)
  - ARCL (~> 1.0)
  - ChameleonFramework/Swift (from `https://github.com/ViccAlexander/Chameleon.git`)
  - DateToolsSwift (~> 4.0)
  - RxCocoa (~> 4.0)
  - RxSwift (~> 4.0)
  - SwifterSwift (~> 4.0)
  - SwiftyJSON (~> 4.0)

SPEC REPOS:
  https://github.com/CocoaPods/Specs.git:
    - Alamofire
    - ARCL
    - DateToolsSwift
    - RxCocoa
    - RxSwift
    - SwifterSwift
    - SwiftyJSON

EXTERNAL SOURCES:
  ChameleonFramework:
    :git: https://github.com/ViccAlexander/Chameleon.git

CHECKOUT OPTIONS:
  ChameleonFramework:
    :commit: 6dd284bde21ea2e7f9fd89bc36f40df16e16369d
    :git: https://github.com/ViccAlexander/Chameleon.git

SPEC CHECKSUMS:
  Alamofire: e4fa87002c137ba2d8d634d2c51fabcda0d5c223
  ARCL: 88300cadfbdd6a9288ca17ad18d3ac972d6cb1e6
  ChameleonFramework: d21a3cc247abfe5e37609a283a8238b03575cf64
  DateToolsSwift: 875d97ff9e3a5d54abdd67a269b3f51c757b71ab
  RxCocoa: d88ba0f1f6abf040011a9eb4b539324fc426843a
  RxSwift: e49536837d9901277638493ea537394d4b55f570
  SwifterSwift: f3fce2b9fc5b9d8fda6eec33825e5243c60aebba
  SwiftyJSON: c29297daf073d2aa016295d5809cdd68045c39b3

PODFILE CHECKSUM: a0694a4bfd2e4816161a20ef9197bfc248478e27

COCOAPODS: 1.5.0
